
Microsoft Visual Studio Solution File, Format Version 12.00
# Visual Studio 15
VisualStudioVersion = 15.0.27428.2037
MinimumVisualStudioVersion = 10.0.40219.1
Project("{FAE04EC0-301F-11D3-BF4B-00C04F79EFBC}") = "Preservation.Core", "Preservation.Core\Preservation.Core.csproj", "{49CD98A2-7153-4058-AD77-7E1706E2D80A}"
EndProject
Project("{FAE04EC0-301F-11D3-BF4B-00C04F79EFBC}") = "Preservation.Crypto", "Preservation.Crypto\Preservation.Crypto.csproj", "{8989C1E7-0063-4E7F-8E3A-33B9B08C8C7C}"
EndProject
Project("{FAE04EC0-301F-11D3-BF4B-00C04F79EFBC}") = "Preservation.Core.Tests", "Preservation.Core.Tests\Preservation.Core.Tests.csproj", "{42E2C69C-5085-4F75-BA39-EBBBB5F7D1BD}"
EndProject
Global
	GlobalSection(SolutionConfigurationPlatforms) = preSolution
		Debug|Any CPU = Debug|Any CPU
		Release|Any CPU = Release|Any CPU
	EndGlobalSection
	GlobalSection(ProjectConfigurationPlatforms) = postSolution
		{49CD98A2-7153-4058-AD77-7E1706E2D80A}.Debug|Any CPU.ActiveCfg = Debug|Any CPU
		{49CD98A2-7153-4058-AD77-7E1706E2D80A}.Debug|Any CPU.Build.0 = Debug|Any CPU
		{49CD98A2-7153-4058-AD77-7E1706E2D80A}.Release|Any CPU.ActiveCfg = Release|Any CPU
		{49CD98A2-7153-4058-AD77-7E1706E2D80A}.Release|Any CPU.Build.0 = Release|Any CPU
		{8989C1E7-0063-4E7F-8E3A-33B9B08C8C7C}.Debug|Any CPU.ActiveCfg = Debug|Any CPU
		{8989C1E7-0063-4E7F-8E3A-33B9B08C8C7C}.Debug|Any CPU.Build.0 = Debug|Any CPU
		{8989C1E7-0063-4E7F-8E3A-33B9B08C8C7C}.Release|Any CPU.ActiveCfg = Release|Any CPU
		{8989C1E7-0063-4E7F-8E3A-33B9B08C8C7C}.Release|Any CPU.Build.0 = Release|Any CPU
		{42E2C69C-5085-4F75-BA39-EBBBB5F7D1BD}.Debug|Any CPU.ActiveCfg = Debug|Any CPU
		{42E2C69C-5085-4F75-BA39-EBBBB5F7D1BD}.Debug|Any CPU.Build.0 = Debug|Any CPU
		{42E2C69C-5085-4F75-BA39-EBBBB5F7D1BD}.Release|Any CPU.ActiveCfg = Release|Any CPU
		{42E2C69C-5085-4F75-BA39-EBBBB5F7D1BD}.Release|Any CPU.Build.0 = Release|Any CPU
	EndGlobalSection
	GlobalSection(SolutionProperties) = preSolution
		HideSolutionNode = FALSE
	EndGlobalSection
	GlobalSection(ExtensibilityGlobals) = postSolution
		SolutionGuid = {6741E5FC-1BDB-4623-8612-FA8A902C7268}
	EndGlobalSection
EndGlobal
